
Microsoft Visual Studio Solution File, Format Version 12.00
# Visual Studio Version 16
VisualStudioVersion = 16.0.29201.188
MinimumVisualStudioVersion = 10.0.40219.1
Project("{FAE04EC0-301F-11D3-BF4B-00C04F79EFBC}") = "HEROUNIT.CRM.TRAINING.UI", "..\HEROUNIT.CRM.TRAINING.UI\HEROUNIT.CRM.TRAINING.UI.csproj", "{EF15E2AF-C05B-4777-A6DF-C8F42F95D500}"
EndProject
Project("{FAE04EC0-301F-11D3-BF4B-00C04F79EFBC}") = "HEROUNIT.CRM.TRAINING.BUSINESSENTITY", "..\HEROUNIT.CRM.TRAINING.BUSINESSENTITY\HEROUNIT.CRM.TRAINING.BUSINESSENTITY.csproj", "{8A98F341-3B81-4B18-A5B8-26766C03028B}"
EndProject
Project("{FAE04EC0-301F-11D3-BF4B-00C04F79EFBC}") = "HEROUNIT.CRM.TRAINING.DATAACCESS", "..\HEROUNIT.CRM.TRAINING.DATAACCESS\HEROUNIT.CRM.TRAINING.DATAACCESS.csproj", "{CEF456C7-862F-4A55-872E-72D8DBE5C690}"
EndProject
Global
	GlobalSection(SolutionConfigurationPlatforms) = preSolution
		Debug|Any CPU = Debug|Any CPU
		Release|Any CPU = Release|Any CPU
	EndGlobalSection
	GlobalSection(ProjectConfigurationPlatforms) = postSolution
		{EF15E2AF-C05B-4777-A6DF-C8F42F95D500}.Debug|Any CPU.ActiveCfg = Debug|Any CPU
		{EF15E2AF-C05B-4777-A6DF-C8F42F95D500}.Debug|Any CPU.Build.0 = Debug|Any CPU
		{EF15E2AF-C05B-4777-A6DF-C8F42F95D500}.Release|Any CPU.ActiveCfg = Release|Any CPU
		{EF15E2AF-C05B-4777-A6DF-C8F42F95D500}.Release|Any CPU.Build.0 = Release|Any CPU
		{8A98F341-3B81-4B18-A5B8-26766C03028B}.Debug|Any CPU.ActiveCfg = Debug|Any CPU
		{8A98F341-3B81-4B18-A5B8-26766C03028B}.Debug|Any CPU.Build.0 = Debug|Any CPU
		{8A98F341-3B81-4B18-A5B8-26766C03028B}.Release|Any CPU.ActiveCfg = Release|Any CPU
		{8A98F341-3B81-4B18-A5B8-26766C03028B}.Release|Any CPU.Build.0 = Release|Any CPU
		{CEF456C7-862F-4A55-872E-72D8DBE5C690}.Debug|Any CPU.ActiveCfg = Debug|Any CPU
		{CEF456C7-862F-4A55-872E-72D8DBE5C690}.Debug|Any CPU.Build.0 = Debug|Any CPU
		{CEF456C7-862F-4A55-872E-72D8DBE5C690}.Release|Any CPU.ActiveCfg = Release|Any CPU
		{CEF456C7-862F-4A55-872E-72D8DBE5C690}.Release|Any CPU.Build.0 = Release|Any CPU
	EndGlobalSection
	GlobalSection(SolutionProperties) = preSolution
		HideSolutionNode = FALSE
	EndGlobalSection
	GlobalSection(ExtensibilityGlobals) = postSolution
		SolutionGuid = {74EAED04-6A80-4372-9788-FD5F7C83E756}
	EndGlobalSection
EndGlobal
